
Microsoft Visual Studio Solution File, Format Version 12.00
# Visual Studio Version 17
VisualStudioVersion = 17.0.31903.59
MinimumVisualStudioVersion = 10.0.40219.1
Project("{FAE04EC0-301F-11D3-BF4B-00C04F79EFBC}") = "API_CE150213", "API_CE150213\API_CE150213.csproj", "{E515EBBE-D30D-4447-A57A-ACD4C28CE47F}"
EndProject
Project("{FAE04EC0-301F-11D3-BF4B-00C04F79EFBC}") = "Data_CE150213", "Data_CE150213\Data_CE150213.csproj", "{3A9355A1-A4FC-4837-AF5A-9AB4971462EF}"
EndProject
Project("{FAE04EC0-301F-11D3-BF4B-00C04F79EFBC}") = "Client_CE150213", "Client_CE150213\Client_CE150213.csproj", "{3BB7FB29-1282-4036-9E01-2A0C1A365A2C}"
EndProject
Global
	GlobalSection(SolutionConfigurationPlatforms) = preSolution
		Debug|Any CPU = Debug|Any CPU
		Release|Any CPU = Release|Any CPU
	EndGlobalSection
	GlobalSection(SolutionProperties) = preSolution
		HideSolutionNode = FALSE
	EndGlobalSection
	GlobalSection(ProjectConfigurationPlatforms) = postSolution
		{E515EBBE-D30D-4447-A57A-ACD4C28CE47F}.Debug|Any CPU.ActiveCfg = Debug|Any CPU
		{E515EBBE-D30D-4447-A57A-ACD4C28CE47F}.Debug|Any CPU.Build.0 = Debug|Any CPU
		{E515EBBE-D30D-4447-A57A-ACD4C28CE47F}.Release|Any CPU.ActiveCfg = Release|Any CPU
		{E515EBBE-D30D-4447-A57A-ACD4C28CE47F}.Release|Any CPU.Build.0 = Release|Any CPU
		{3A9355A1-A4FC-4837-AF5A-9AB4971462EF}.Debug|Any CPU.ActiveCfg = Debug|Any CPU
		{3A9355A1-A4FC-4837-AF5A-9AB4971462EF}.Debug|Any CPU.Build.0 = Debug|Any CPU
		{3A9355A1-A4FC-4837-AF5A-9AB4971462EF}.Release|Any CPU.ActiveCfg = Release|Any CPU
		{3A9355A1-A4FC-4837-AF5A-9AB4971462EF}.Release|Any CPU.Build.0 = Release|Any CPU
		{3BB7FB29-1282-4036-9E01-2A0C1A365A2C}.Debug|Any CPU.ActiveCfg = Debug|Any CPU
		{3BB7FB29-1282-4036-9E01-2A0C1A365A2C}.Debug|Any CPU.Build.0 = Debug|Any CPU
		{3BB7FB29-1282-4036-9E01-2A0C1A365A2C}.Release|Any CPU.ActiveCfg = Release|Any CPU
		{3BB7FB29-1282-4036-9E01-2A0C1A365A2C}.Release|Any CPU.Build.0 = Release|Any CPU
	EndGlobalSection
EndGlobal
